
Microsoft Visual Studio Solution File, Format Version 12.00
# Visual Studio 15
VisualStudioVersion = 15.0.28010.2019
MinimumVisualStudioVersion = 10.0.40219.1
Project("{F14B399A-7131-4C87-9E4B-1186C45EF12D}") = "Report Project1", "Report Project1\Report Project1.rptproj", "{AF073DBD-BD1F-48C0-8228-FCA7BD9E8280}"
EndProject
Project("{FAE04EC0-301F-11D3-BF4B-00C04F79EFBC}") = "WebServiceApp", "WebServiceApp\WebServiceApp.csproj", "{3848A41F-2FA6-4370-9407-CE21A01E5EEA}"
EndProject
Project("{FAE04EC0-301F-11D3-BF4B-00C04F79EFBC}") = "ClassLibrary1", "ClassLibrary1\ClassLibrary1.csproj", "{9634017B-6D8F-4513-9367-FDCF6724C350}"
EndProject
Project("{FAE04EC0-301F-11D3-BF4B-00C04F79EFBC}") = "WCFApplication", "WCFApplication\WCFApplication.csproj", "{569FBF96-76D6-4E22-88A8-95CFCD118050}"
EndProject
Project("{FAE04EC0-301F-11D3-BF4B-00C04F79EFBC}") = "ControlMConsoleApplication1", "ControlMConsoleApplication1\ControlMConsoleApplication1.csproj", "{3ED925F0-4D6B-42E1-8597-502192AD25C9}"
EndProject
Project("{FAE04EC0-301F-11D3-BF4B-00C04F79EFBC}") = "WebApplication2", "WebApplication2\WebApplication2.csproj", "{B5FA645C-14C3-447E-87FD-BEB4945F4DBD}"
EndProject
Project("{FAE04EC0-301F-11D3-BF4B-00C04F79EFBC}") = "CodeWars", "CodeWars\CodeWars.csproj", "{8D4B8FC7-CE07-4363-A9BB-156F37EF68A9}"
EndProject
Project("{888888A0-9F3D-457C-B088-3A5042F75D52}") = "PythonApplication1", "PythonApplication1\PythonApplication1.pyproj", "{351BD4E4-5994-4695-BD30-D1C7370BBC78}"
EndProject
Global
	GlobalSection(SolutionConfigurationPlatforms) = preSolution
		Debug|Any CPU = Debug|Any CPU
		DebugLocal|Any CPU = DebugLocal|Any CPU
		Release|Any CPU = Release|Any CPU
	EndGlobalSection
	GlobalSection(ProjectConfigurationPlatforms) = postSolution
		{AF073DBD-BD1F-48C0-8228-FCA7BD9E8280}.Debug|Any CPU.ActiveCfg = Debug
		{AF073DBD-BD1F-48C0-8228-FCA7BD9E8280}.Debug|Any CPU.Build.0 = Debug
		{AF073DBD-BD1F-48C0-8228-FCA7BD9E8280}.Debug|Any CPU.Deploy.0 = Debug
		{AF073DBD-BD1F-48C0-8228-FCA7BD9E8280}.DebugLocal|Any CPU.ActiveCfg = DebugLocal
		{AF073DBD-BD1F-48C0-8228-FCA7BD9E8280}.DebugLocal|Any CPU.Build.0 = DebugLocal
		{AF073DBD-BD1F-48C0-8228-FCA7BD9E8280}.Release|Any CPU.ActiveCfg = Release
		{AF073DBD-BD1F-48C0-8228-FCA7BD9E8280}.Release|Any CPU.Build.0 = Release
		{AF073DBD-BD1F-48C0-8228-FCA7BD9E8280}.Release|Any CPU.Deploy.0 = Release
		{3848A41F-2FA6-4370-9407-CE21A01E5EEA}.Debug|Any CPU.ActiveCfg = Debug|Any CPU
		{3848A41F-2FA6-4370-9407-CE21A01E5EEA}.Debug|Any CPU.Build.0 = Debug|Any CPU
		{3848A41F-2FA6-4370-9407-CE21A01E5EEA}.DebugLocal|Any CPU.ActiveCfg = Debug|Any CPU
		{3848A41F-2FA6-4370-9407-CE21A01E5EEA}.DebugLocal|Any CPU.Build.0 = Debug|Any CPU
		{3848A41F-2FA6-4370-9407-CE21A01E5EEA}.Release|Any CPU.ActiveCfg = Release|Any CPU
		{3848A41F-2FA6-4370-9407-CE21A01E5EEA}.Release|Any CPU.Build.0 = Release|Any CPU
		{9634017B-6D8F-4513-9367-FDCF6724C350}.Debug|Any CPU.ActiveCfg = Debug|Any CPU
		{9634017B-6D8F-4513-9367-FDCF6724C350}.Debug|Any CPU.Build.0 = Debug|Any CPU
		{9634017B-6D8F-4513-9367-FDCF6724C350}.DebugLocal|Any CPU.ActiveCfg = Debug|Any CPU
		{9634017B-6D8F-4513-9367-FDCF6724C350}.DebugLocal|Any CPU.Build.0 = Debug|Any CPU
		{9634017B-6D8F-4513-9367-FDCF6724C350}.Release|Any CPU.ActiveCfg = Release|Any CPU
		{9634017B-6D8F-4513-9367-FDCF6724C350}.Release|Any CPU.Build.0 = Release|Any CPU
		{569FBF96-76D6-4E22-88A8-95CFCD118050}.Debug|Any CPU.ActiveCfg = Debug|Any CPU
		{569FBF96-76D6-4E22-88A8-95CFCD118050}.Debug|Any CPU.Build.0 = Debug|Any CPU
		{569FBF96-76D6-4E22-88A8-95CFCD118050}.DebugLocal|Any CPU.ActiveCfg = Debug|Any CPU
		{569FBF96-76D6-4E22-88A8-95CFCD118050}.DebugLocal|Any CPU.Build.0 = Debug|Any CPU
		{569FBF96-76D6-4E22-88A8-95CFCD118050}.Release|Any CPU.ActiveCfg = Release|Any CPU
		{569FBF96-76D6-4E22-88A8-95CFCD118050}.Release|Any CPU.Build.0 = Release|Any CPU
		{3ED925F0-4D6B-42E1-8597-502192AD25C9}.Debug|Any CPU.ActiveCfg = Debug|Any CPU
		{3ED925F0-4D6B-42E1-8597-502192AD25C9}.Debug|Any CPU.Build.0 = Debug|Any CPU
		{3ED925F0-4D6B-42E1-8597-502192AD25C9}.DebugLocal|Any CPU.ActiveCfg = Debug|Any CPU
		{3ED925F0-4D6B-42E1-8597-502192AD25C9}.DebugLocal|Any CPU.Build.0 = Debug|Any CPU
		{3ED925F0-4D6B-42E1-8597-502192AD25C9}.Release|Any CPU.ActiveCfg = Release|Any CPU
		{3ED925F0-4D6B-42E1-8597-502192AD25C9}.Release|Any CPU.Build.0 = Release|Any CPU
		{B5FA645C-14C3-447E-87FD-BEB4945F4DBD}.Debug|Any CPU.ActiveCfg = Debug|Any CPU
		{B5FA645C-14C3-447E-87FD-BEB4945F4DBD}.Debug|Any CPU.Build.0 = Debug|Any CPU
		{B5FA645C-14C3-447E-87FD-BEB4945F4DBD}.DebugLocal|Any CPU.ActiveCfg = Debug|Any CPU
		{B5FA645C-14C3-447E-87FD-BEB4945F4DBD}.DebugLocal|Any CPU.Build.0 = Debug|Any CPU
		{B5FA645C-14C3-447E-87FD-BEB4945F4DBD}.Release|Any CPU.ActiveCfg = Release|Any CPU
		{B5FA645C-14C3-447E-87FD-BEB4945F4DBD}.Release|Any CPU.Build.0 = Release|Any CPU
		{8D4B8FC7-CE07-4363-A9BB-156F37EF68A9}.Debug|Any CPU.ActiveCfg = Debug|Any CPU
		{8D4B8FC7-CE07-4363-A9BB-156F37EF68A9}.Debug|Any CPU.Build.0 = Debug|Any CPU
		{8D4B8FC7-CE07-4363-A9BB-156F37EF68A9}.DebugLocal|Any CPU.ActiveCfg = Debug|Any CPU
		{8D4B8FC7-CE07-4363-A9BB-156F37EF68A9}.DebugLocal|Any CPU.Build.0 = Debug|Any CPU
		{8D4B8FC7-CE07-4363-A9BB-156F37EF68A9}.Release|Any CPU.ActiveCfg = Release|Any CPU
		{8D4B8FC7-CE07-4363-A9BB-156F37EF68A9}.Release|Any CPU.Build.0 = Release|Any CPU
		{351BD4E4-5994-4695-BD30-D1C7370BBC78}.Debug|Any CPU.ActiveCfg = Debug|Any CPU
		{351BD4E4-5994-4695-BD30-D1C7370BBC78}.DebugLocal|Any CPU.ActiveCfg = Debug|Any CPU
		{351BD4E4-5994-4695-BD30-D1C7370BBC78}.Release|Any CPU.ActiveCfg = Release|Any CPU
	EndGlobalSection
	GlobalSection(SolutionProperties) = preSolution
		HideSolutionNode = FALSE
	EndGlobalSection
	GlobalSection(ExtensibilityGlobals) = postSolution
		SolutionGuid = {8EBBDF46-AE2C-4C43-92A6-DE13B10C303D}
	EndGlobalSection
	GlobalSection(ExtensibilityGlobals) = postSolution
		SolutionGuid = {544BFACD-D94B-4199-8BE6-E7FA6B50C5F8}
	EndGlobalSection
EndGlobal
